
Microsoft Visual Studio Solution File, Format Version 12.00
# Visual Studio Version 17
VisualStudioVersion = 17.14.36518.9
MinimumVisualStudioVersion = 10.0.40219.1
Project("{8BC9CEB8-8B4A-11D0-8D11-00A0C91BC942}") = "projekt4github", "projekt4github\projekt4github.vcxproj", "{DF8855DE-4FD4-4D39-ACA6-B0F46E83A4B8}"
EndProject
Project("{2150E333-8FDC-42A3-9474-1A3956D46DE8}") = "Solution Items", "Solution Items", "{28080618-298D-4031-8D3E-FDDA42A4CBAE}"
	ProjectSection(SolutionItems) = preProject
		student.cpp = student.cpp
	EndProjectSection
EndProject
Global
	GlobalSection(SolutionConfigurationPlatforms) = preSolution
		Debug|x64 = Debug|x64
		Debug|x86 = Debug|x86
		Release|x64 = Release|x64
		Release|x86 = Release|x86
	EndGlobalSection
	GlobalSection(ProjectConfigurationPlatforms) = postSolution
		{DF8855DE-4FD4-4D39-ACA6-B0F46E83A4B8}.Debug|x64.ActiveCfg = Debug|x64
		{DF8855DE-4FD4-4D39-ACA6-B0F46E83A4B8}.Debug|x64.Build.0 = Debug|x64
		{DF8855DE-4FD4-4D39-ACA6-B0F46E83A4B8}.Debug|x86.ActiveCfg = Debug|Win32
		{DF8855DE-4FD4-4D39-ACA6-B0F46E83A4B8}.Debug|x86.Build.0 = Debug|Win32
		{DF8855DE-4FD4-4D39-ACA6-B0F46E83A4B8}.Release|x64.ActiveCfg = Release|x64
		{DF8855DE-4FD4-4D39-ACA6-B0F46E83A4B8}.Release|x64.Build.0 = Release|x64
		{DF8855DE-4FD4-4D39-ACA6-B0F46E83A4B8}.Release|x86.ActiveCfg = Release|Win32
		{DF8855DE-4FD4-4D39-ACA6-B0F46E83A4B8}.Release|x86.Build.0 = Release|Win32
	EndGlobalSection
	GlobalSection(SolutionProperties) = preSolution
		HideSolutionNode = FALSE
	EndGlobalSection
	GlobalSection(ExtensibilityGlobals) = postSolution
		SolutionGuid = {14B3F001-0DA6-42E4-8BEA-7E386BABFAF5}
	EndGlobalSection
EndGlobal
